
Microsoft Visual Studio Solution File, Format Version 12.00
# Visual Studio Version 17
VisualStudioVersion = 17.10.35027.167
MinimumVisualStudioVersion = 10.0.40219.1
Project("{9092AA53-FB77-4645-B42D-1CCCA6BD08BD}") = "journal-server", "journal-server\journal-server.njsproj", "{7200DEB2-F9ED-4336-8FD2-C3DDCD35C8E2}"
EndProject
Global
	GlobalSection(SolutionConfigurationPlatforms) = preSolution
		Debug|Any CPU = Debug|Any CPU
		Release|Any CPU = Release|Any CPU
	EndGlobalSection
	GlobalSection(ProjectConfigurationPlatforms) = postSolution
		{7200DEB2-F9ED-4336-8FD2-C3DDCD35C8E2}.Debug|Any CPU.ActiveCfg = Debug|Any CPU
		{7200DEB2-F9ED-4336-8FD2-C3DDCD35C8E2}.Debug|Any CPU.Build.0 = Debug|Any CPU
		{7200DEB2-F9ED-4336-8FD2-C3DDCD35C8E2}.Release|Any CPU.ActiveCfg = Release|Any CPU
		{7200DEB2-F9ED-4336-8FD2-C3DDCD35C8E2}.Release|Any CPU.Build.0 = Release|Any CPU
	EndGlobalSection
	GlobalSection(SolutionProperties) = preSolution
		HideSolutionNode = FALSE
	EndGlobalSection
	GlobalSection(ExtensibilityGlobals) = postSolution
		SolutionGuid = {3B3F1464-A775-4979-B551-6233343EEBC9}
	EndGlobalSection
EndGlobal
